{
  "pins" : [
    {
      "identity" : "confettiswiftui",
      "kind" : "remoteSourceControl",
      "location" : "https://github.com/simibac/ConfettiSwiftUI",
      "state" : {
        "revision" : "f45961f97bbae6fff6e2e64546fea0189425ad92",
        "version" : "1.1.0"
      }
    },
    {
      "identity" : "onboardingkit",
      "kind" : "remoteSourceControl",
      "location" : "https://github.com/danielsaidi/OnboardingKit.git",
      "state" : {
        "revision" : "376950a4953a9f80a1640b431343af78a1d1c7af",
        "version" : "6.1.1"
      }
    },
    {
      "identity" : "storekitplus",
      "kind" : "remoteSourceControl",
      "location" : "https://github.com/danielsaidi/StoreKitPlus.git",
      "state" : {
        "revision" : "6c592da317443a53f99e20f731d9fca2c6f41cb3",
        "version" : "0.2.0"
      }
    },
    {
      "identity" : "swiftuikit",
      "kind" : "remoteSourceControl",
      "location" : "https://github.com/danielsaidi/SwiftUIKit.git",
      "state" : {
        "revision" : "933a747c10787f84e04ad4c0f5de8cb590bf36e0",
        "version" : "3.9.0"
      }
    },
    {
      "identity" : "systemnotification",
      "kind" : "remoteSourceControl",
      "location" : "https://github.com/danielsaidi/SystemNotification",
      "state" : {
        "revision" : "53a23f15ea9d62376179681d24f6ef0d53b03f8c",
        "version" : "0.7.2"
      }
    }
  ],
  "version" : 2
}
