{
  "originHash" : "240dc7187be00c851ea2338b5a805754a3eae0a11c5bbf538a1258920bd0702e",
  "pins" : [
    {
      "identity" : "badgeicon",
      "kind" : "remoteSourceControl",
      "location" : "https://github.com/danielsaidi/BadgeIcon.git",
      "state" : {
        "revision" : "10df1b06c89f41d2b0160fe9d7bed93cddf2331a",
        "version" : "2.1.4"
      }
    },
    {
      "identity" : "confettiswiftui",
      "kind" : "remoteSourceControl",
      "location" : "https://github.com/simibac/ConfettiSwiftUI",
      "state" : {
        "revision" : "79666d42b882bf7921b1941fa7c636d681d77980",
        "version" : "2.0.3"
      }
    },
    {
      "identity" : "observablepersistency",
      "kind" : "remoteSourceControl",
      "location" : "https://github.com/danielsaidi/ObservablePersistency.git",
      "state" : {
        "revision" : "18f24501b59e015d01a5cf69bca1ce9b5583186d",
        "version" : "0.1.0"
      }
    },
    {
      "identity" : "onboardingkit",
      "kind" : "remoteSourceControl",
      "location" : "https://github.com/danielsaidi/OnboardingKit.git",
      "state" : {
        "revision" : "51a0fe14496f6976972e9eab7e110ef901bebc30",
        "version" : "9.0.0"
      }
    },
    {
      "identity" : "pageview",
      "kind" : "remoteSourceControl",
      "location" : "https://github.com/danielsaidi/PageView.git",
      "state" : {
        "revision" : "b60c9ced36242eae0eb81ab0a8e7273386fdbb9b",
        "version" : "0.2.0"
      }
    },
    {
      "identity" : "presentationkit",
      "kind" : "remoteSourceControl",
      "location" : "https://github.com/danielsaidi/PresentationKit.git",
      "state" : {
        "revision" : "7da4aa5495feff5e7cb341c60165c53a6e571a06",
        "version" : "0.5.0"
      }
    },
    {
      "identity" : "scancodes",
      "kind" : "remoteSourceControl",
      "location" : "https://github.com/danielsaidi/ScanCodes.git",
      "state" : {
        "revision" : "e87a3bbd390824e9644d6ee7208042022ed9eb0c",
        "version" : "0.2.0"
      }
    },
    {
      "identity" : "standardactions",
      "kind" : "remoteSourceControl",
      "location" : "https://github.com/danielsaidi/StandardActions.git",
      "state" : {
        "revision" : "75fab04caaf596a53fe05b284544e03e2bea975c",
        "version" : "1.0.0"
      }
    },
    {
      "identity" : "storekitplus",
      "kind" : "remoteSourceControl",
      "location" : "https://github.com/danielsaidi/StoreKitPlus.git",
      "state" : {
        "revision" : "f694b920e6f9bb69661d884f25e5ee9f9835df47",
        "version" : "0.8.0"
      }
    },
    {
      "identity" : "swiftuikit",
      "kind" : "remoteSourceControl",
      "location" : "https://github.com/danielsaidi/SwiftUIKit.git",
      "state" : {
        "revision" : "20732e7a835e05a9aa3b437549b58b4ba79ac38e",
        "version" : "6.1.0"
      }
    }
  ],
  "version" : 3
}
